
Microsoft Visual Studio Solution File, Format Version 12.00
# Visual Studio Version 16
VisualStudioVersion = 16.0.30503.244
MinimumVisualStudioVersion = 10.0.40219.1
Project("{FAE04EC0-301F-11D3-BF4B-00C04F79EFBC}") = "Hello", "Hello.csproj", "{CA2B3965-788B-45D4-9C20-4EDD8FB5DA73}"
EndProject
Global
	GlobalSection(SolutionConfigurationPlatforms) = preSolution
		Debug|Any CPU = Debug|Any CPU
		Release|Any CPU = Release|Any CPU
	EndGlobalSection
	GlobalSection(ProjectConfigurationPlatforms) = postSolution
		{CA2B3965-788B-45D4-9C20-4EDD8FB5DA73}.Debug|Any CPU.ActiveCfg = Debug|Any CPU
		{CA2B3965-788B-45D4-9C20-4EDD8FB5DA73}.Debug|Any CPU.Build.0 = Debug|Any CPU
		{CA2B3965-788B-45D4-9C20-4EDD8FB5DA73}.Release|Any CPU.ActiveCfg = Release|Any CPU
		{CA2B3965-788B-45D4-9C20-4EDD8FB5DA73}.Release|Any CPU.Build.0 = Release|Any CPU
	EndGlobalSection
	GlobalSection(SolutionProperties) = preSolution
		HideSolutionNode = FALSE
	EndGlobalSection
	GlobalSection(ExtensibilityGlobals) = postSolution
		SolutionGuid = {63391834-AB32-4E99-B053-8F59D4932C64}
	EndGlobalSection
EndGlobal
